
Microsoft Visual Studio Solution File, Format Version 12.00
# Visual Studio Version 16
VisualStudioVersion = 16.0.29509.3
MinimumVisualStudioVersion = 10.0.40219.1
Project("{FAE04EC0-301F-11D3-BF4B-00C04F79EFBC}") = "parse-locations", "parse-locations.csproj", "{D64B4D09-239D-4DE6-B19C-81E9746AC0C3}"
EndProject
Global
	GlobalSection(SolutionConfigurationPlatforms) = preSolution
		Debug|Any CPU = Debug|Any CPU
		Release|Any CPU = Release|Any CPU
	EndGlobalSection
	GlobalSection(ProjectConfigurationPlatforms) = postSolution
		{D64B4D09-239D-4DE6-B19C-81E9746AC0C3}.Debug|Any CPU.ActiveCfg = Debug|Any CPU
		{D64B4D09-239D-4DE6-B19C-81E9746AC0C3}.Debug|Any CPU.Build.0 = Debug|Any CPU
		{D64B4D09-239D-4DE6-B19C-81E9746AC0C3}.Release|Any CPU.ActiveCfg = Release|Any CPU
		{D64B4D09-239D-4DE6-B19C-81E9746AC0C3}.Release|Any CPU.Build.0 = Release|Any CPU
	EndGlobalSection
	GlobalSection(SolutionProperties) = preSolution
		HideSolutionNode = FALSE
	EndGlobalSection
	GlobalSection(ExtensibilityGlobals) = postSolution
		SolutionGuid = {076FF469-3086-44C0-8602-1A609D7873E4}
	EndGlobalSection
EndGlobal
