
Microsoft Visual Studio Solution File, Format Version 12.00
# Visual Studio Version 16
VisualStudioVersion = 16.0.29503.13
MinimumVisualStudioVersion = 10.0.40219.1
Project("{FAE04EC0-301F-11D3-BF4B-00C04F79EFBC}") = "PlaylistMap", "PlaylistMap.csproj", "{4EE94566-9E14-493C-9CE4-2411546F6F8E}"
EndProject
Global
	GlobalSection(SolutionConfigurationPlatforms) = preSolution
		Debug|Any CPU = Debug|Any CPU
		Release|Any CPU = Release|Any CPU
	EndGlobalSection
	GlobalSection(ProjectConfigurationPlatforms) = postSolution
		{4EE94566-9E14-493C-9CE4-2411546F6F8E}.Debug|Any CPU.ActiveCfg = Debug|Any CPU
		{4EE94566-9E14-493C-9CE4-2411546F6F8E}.Debug|Any CPU.Build.0 = Debug|Any CPU
		{4EE94566-9E14-493C-9CE4-2411546F6F8E}.Release|Any CPU.ActiveCfg = Release|Any CPU
		{4EE94566-9E14-493C-9CE4-2411546F6F8E}.Release|Any CPU.Build.0 = Release|Any CPU
	EndGlobalSection
	GlobalSection(SolutionProperties) = preSolution
		HideSolutionNode = FALSE
	EndGlobalSection
	GlobalSection(ExtensibilityGlobals) = postSolution
		SolutionGuid = {7B8A85B7-DD14-476E-BF88-9905D38C1167}
	EndGlobalSection
EndGlobal
